
Microsoft Visual Studio Solution File, Format Version 12.00
# Visual Studio Version 16
VisualStudioVersion = 16.0.29519.87
MinimumVisualStudioVersion = 10.0.40219.1
Project("{FAE04EC0-301F-11D3-BF4B-00C04F79EFBC}") = "SOLogin", "SOLogin.csproj", "{F8A4EAC4-D1BC-40E0-AAB8-D04C6608E89E}"
EndProject
Global
	GlobalSection(SolutionConfigurationPlatforms) = preSolution
		Debug|Any CPU = Debug|Any CPU
		Release|Any CPU = Release|Any CPU
	EndGlobalSection
	GlobalSection(ProjectConfigurationPlatforms) = postSolution
		{F8A4EAC4-D1BC-40E0-AAB8-D04C6608E89E}.Debug|Any CPU.ActiveCfg = Debug|Any CPU
		{F8A4EAC4-D1BC-40E0-AAB8-D04C6608E89E}.Debug|Any CPU.Build.0 = Debug|Any CPU
		{F8A4EAC4-D1BC-40E0-AAB8-D04C6608E89E}.Release|Any CPU.ActiveCfg = Release|Any CPU
		{F8A4EAC4-D1BC-40E0-AAB8-D04C6608E89E}.Release|Any CPU.Build.0 = Release|Any CPU
	EndGlobalSection
	GlobalSection(SolutionProperties) = preSolution
		HideSolutionNode = FALSE
	EndGlobalSection
	GlobalSection(ExtensibilityGlobals) = postSolution
		SolutionGuid = {1DCAC426-EC93-4B93-BC54-C3F986B43238}
	EndGlobalSection
EndGlobal
